
Microsoft Visual Studio Solution File, Format Version 11.00
# Visual Studio 2010
Project("{FAE04EC0-301F-11D3-BF4B-00C04F79EFBC}") = "Mirror", "Mirror.csproj", "{9e9dcbe4-b11d-a140-9a99-33ff2cd79d01}"
EndProject
Project("{FAE04EC0-301F-11D3-BF4B-00C04F79EFBC}") = "Mirror.Components", "Mirror.Components.csproj", "{8595a33b-d8ee-5a3f-9b02-69d4e344d31a}"
EndProject
Project("{FAE04EC0-301F-11D3-BF4B-00C04F79EFBC}") = "SimpleWebTransport", "SimpleWebTransport.csproj", "{364a830c-b974-1f17-8d1f-64c0900b7e93}"
EndProject
Project("{FAE04EC0-301F-11D3-BF4B-00C04F79EFBC}") = "Mirror.Examples", "Mirror.Examples.csproj", "{711d9bd0-32dd-93f8-d8fb-e90106ed78cf}"
EndProject
Project("{FAE04EC0-301F-11D3-BF4B-00C04F79EFBC}") = "kcp2k", "kcp2k.csproj", "{bbeefb49-4f3d-5d26-6ab3-9a7972bbde0d}"
EndProject
Project("{FAE04EC0-301F-11D3-BF4B-00C04F79EFBC}") = "Telepathy", "Telepathy.csproj", "{e17b4b3a-9048-0b94-1ef7-e1524fe9cdd4}"
EndProject
Project("{FAE04EC0-301F-11D3-BF4B-00C04F79EFBC}") = "Mirror.Authenticators", "Mirror.Authenticators.csproj", "{7183ad54-a08d-608c-e93d-c8b7e4b93c36}"
EndProject
Project("{FAE04EC0-301F-11D3-BF4B-00C04F79EFBC}") = "where-allocations", "where-allocations.csproj", "{c3f8d74b-7c09-b39e-3c39-8643a276f9cd}"
EndProject
Project("{FAE04EC0-301F-11D3-BF4B-00C04F79EFBC}") = "Assembly-CSharp", "Assembly-CSharp.csproj", "{c0c433cb-7b3d-aa95-879b-4430c755f39b}"
EndProject
Project("{FAE04EC0-301F-11D3-BF4B-00C04F79EFBC}") = "Unity.Mirror.CodeGen", "Unity.Mirror.CodeGen.csproj", "{bcfab7ae-704e-dbd6-f0ab-78d5c28a0fd7}"
EndProject
Project("{FAE04EC0-301F-11D3-BF4B-00C04F79EFBC}") = "Mirror.Editor", "Mirror.Editor.csproj", "{8d18f78d-ef84-08a4-4d20-d1c68e8aed1e}"
EndProject
Project("{FAE04EC0-301F-11D3-BF4B-00C04F79EFBC}") = "Mirror.CompilerSymbols", "Mirror.CompilerSymbols.csproj", "{db8b5ba7-fc36-b8ff-7852-b74d86f2f618}"
EndProject
Global
	GlobalSection(SolutionConfigurationPlatforms) = preSolution
		Debug|Any CPU = Debug|Any CPU
	EndGlobalSection
	GlobalSection(ProjectConfigurationPlatforms) = postSolution
		{9e9dcbe4-b11d-a140-9a99-33ff2cd79d01}.Debug|Any CPU.ActiveCfg = Debug|Any CPU
		{9e9dcbe4-b11d-a140-9a99-33ff2cd79d01}.Debug|Any CPU.Build.0 = Debug|Any CPU
		{8595a33b-d8ee-5a3f-9b02-69d4e344d31a}.Debug|Any CPU.ActiveCfg = Debug|Any CPU
		{8595a33b-d8ee-5a3f-9b02-69d4e344d31a}.Debug|Any CPU.Build.0 = Debug|Any CPU
		{364a830c-b974-1f17-8d1f-64c0900b7e93}.Debug|Any CPU.ActiveCfg = Debug|Any CPU
		{364a830c-b974-1f17-8d1f-64c0900b7e93}.Debug|Any CPU.Build.0 = Debug|Any CPU
		{711d9bd0-32dd-93f8-d8fb-e90106ed78cf}.Debug|Any CPU.ActiveCfg = Debug|Any CPU
		{711d9bd0-32dd-93f8-d8fb-e90106ed78cf}.Debug|Any CPU.Build.0 = Debug|Any CPU
		{bbeefb49-4f3d-5d26-6ab3-9a7972bbde0d}.Debug|Any CPU.ActiveCfg = Debug|Any CPU
		{bbeefb49-4f3d-5d26-6ab3-9a7972bbde0d}.Debug|Any CPU.Build.0 = Debug|Any CPU
		{e17b4b3a-9048-0b94-1ef7-e1524fe9cdd4}.Debug|Any CPU.ActiveCfg = Debug|Any CPU
		{e17b4b3a-9048-0b94-1ef7-e1524fe9cdd4}.Debug|Any CPU.Build.0 = Debug|Any CPU
		{7183ad54-a08d-608c-e93d-c8b7e4b93c36}.Debug|Any CPU.ActiveCfg = Debug|Any CPU
		{7183ad54-a08d-608c-e93d-c8b7e4b93c36}.Debug|Any CPU.Build.0 = Debug|Any CPU
		{c3f8d74b-7c09-b39e-3c39-8643a276f9cd}.Debug|Any CPU.ActiveCfg = Debug|Any CPU
		{c3f8d74b-7c09-b39e-3c39-8643a276f9cd}.Debug|Any CPU.Build.0 = Debug|Any CPU
		{c0c433cb-7b3d-aa95-879b-4430c755f39b}.Debug|Any CPU.ActiveCfg = Debug|Any CPU
		{c0c433cb-7b3d-aa95-879b-4430c755f39b}.Debug|Any CPU.Build.0 = Debug|Any CPU
		{bcfab7ae-704e-dbd6-f0ab-78d5c28a0fd7}.Debug|Any CPU.ActiveCfg = Debug|Any CPU
		{bcfab7ae-704e-dbd6-f0ab-78d5c28a0fd7}.Debug|Any CPU.Build.0 = Debug|Any CPU
		{8d18f78d-ef84-08a4-4d20-d1c68e8aed1e}.Debug|Any CPU.ActiveCfg = Debug|Any CPU
		{8d18f78d-ef84-08a4-4d20-d1c68e8aed1e}.Debug|Any CPU.Build.0 = Debug|Any CPU
		{db8b5ba7-fc36-b8ff-7852-b74d86f2f618}.Debug|Any CPU.ActiveCfg = Debug|Any CPU
		{db8b5ba7-fc36-b8ff-7852-b74d86f2f618}.Debug|Any CPU.Build.0 = Debug|Any CPU
	EndGlobalSection
	GlobalSection(SolutionProperties) = preSolution
		HideSolutionNode = FALSE
	EndGlobalSection
EndGlobal
